
Microsoft Visual Studio Solution File, Format Version 12.00
# Visual Studio Version 17
VisualStudioVersion = 17.8.34511.84
MinimumVisualStudioVersion = 10.0.40219.1
Project("{9A19103F-16F7-4668-BE54-9A1E7A4F7556}") = "MinimalAPISample3", "MinimalAPISample3.csproj", "{29163157-A4F9-4E64-ACDA-541E02FAB87C}"
EndProject
Global
	GlobalSection(SolutionConfigurationPlatforms) = preSolution
		Debug|Any CPU = Debug|Any CPU
		Release|Any CPU = Release|Any CPU
	EndGlobalSection
	GlobalSection(ProjectConfigurationPlatforms) = postSolution
		{29163157-A4F9-4E64-ACDA-541E02FAB87C}.Debug|Any CPU.ActiveCfg = Debug|Any CPU
		{29163157-A4F9-4E64-ACDA-541E02FAB87C}.Debug|Any CPU.Build.0 = Debug|Any CPU
		{29163157-A4F9-4E64-ACDA-541E02FAB87C}.Release|Any CPU.ActiveCfg = Release|Any CPU
		{29163157-A4F9-4E64-ACDA-541E02FAB87C}.Release|Any CPU.Build.0 = Release|Any CPU
	EndGlobalSection
	GlobalSection(SolutionProperties) = preSolution
		HideSolutionNode = FALSE
	EndGlobalSection
	GlobalSection(ExtensibilityGlobals) = postSolution
		SolutionGuid = {97EF3306-AEF1-4B6F-BF45-33F8523EFD8B}
	EndGlobalSection
EndGlobal
